
Microsoft Visual Studio Solution File, Format Version 12.00
# Visual Studio Version 16
VisualStudioVersion = 16.0.30114.105
MinimumVisualStudioVersion = 10.0.40219.1
Project("{FAE04EC0-301F-11D3-BF4B-00C04F79EFBC}") = "SocialNetworkApp.API", "SocialNetworkApp.API\SocialNetworkApp.API.csproj", "{0A86CC38-50DB-41B1-BB3E-D8FF9B7FF6B5}"
EndProject
Project("{FAE04EC0-301F-11D3-BF4B-00C04F79EFBC}") = "SocialNetworkApp.UnitTests", "SocialNetworkApp.UnitTests\SocialNetworkApp.UnitTests.csproj", "{36A7350B-9CB3-445A-9213-941A1AF4221E}"
EndProject
Global
	GlobalSection(SolutionConfigurationPlatforms) = preSolution
		Debug|Any CPU = Debug|Any CPU
		Release|Any CPU = Release|Any CPU
	EndGlobalSection
	GlobalSection(SolutionProperties) = preSolution
		HideSolutionNode = FALSE
	EndGlobalSection
	GlobalSection(ProjectConfigurationPlatforms) = postSolution
		{0A86CC38-50DB-41B1-BB3E-D8FF9B7FF6B5}.Debug|Any CPU.ActiveCfg = Debug|Any CPU
		{0A86CC38-50DB-41B1-BB3E-D8FF9B7FF6B5}.Debug|Any CPU.Build.0 = Debug|Any CPU
		{0A86CC38-50DB-41B1-BB3E-D8FF9B7FF6B5}.Release|Any CPU.ActiveCfg = Release|Any CPU
		{0A86CC38-50DB-41B1-BB3E-D8FF9B7FF6B5}.Release|Any CPU.Build.0 = Release|Any CPU
		{36A7350B-9CB3-445A-9213-941A1AF4221E}.Debug|Any CPU.ActiveCfg = Debug|Any CPU
		{36A7350B-9CB3-445A-9213-941A1AF4221E}.Debug|Any CPU.Build.0 = Debug|Any CPU
		{36A7350B-9CB3-445A-9213-941A1AF4221E}.Release|Any CPU.ActiveCfg = Release|Any CPU
		{36A7350B-9CB3-445A-9213-941A1AF4221E}.Release|Any CPU.Build.0 = Release|Any CPU
	EndGlobalSection
EndGlobal
